# THIS IS AN AUTOGENERATED FILE. DO NOT EDIT THIS FILE DIRECTLY.
# yarn lockfile v1


"@next/env@14.2.21":
  version "14.2.21"
  resolved "https://registry.yarnpkg.com/@next/env/-/env-14.2.21.tgz#09ff0813d29c596397e141205d4f5fd5c236bdd0"
  integrity sha512-lXcwcJd5oR01tggjWJ6SrNNYFGuOOMB9c251wUNkjCpkoXOPkDeF/15c3mnVlBqrW4JJXb2kVxDFhC4GduJt2A==

"@next/swc-darwin-arm64@14.2.21":
  version "14.2.21"
  resolved "https://registry.yarnpkg.com/@next/swc-darwin-arm64/-/swc-darwin-arm64-14.2.21.tgz#32a31992aace1440981df9cf7cb3af7845d94fec"
  integrity sha512-HwEjcKsXtvszXz5q5Z7wCtrHeTTDSTgAbocz45PHMUjU3fBYInfvhR+ZhavDRUYLonm53aHZbB09QtJVJj8T7g==

"@next/swc-darwin-x64@14.2.21":
  version "14.2.21"
  resolved "https://registry.yarnpkg.com/@next/swc-darwin-x64/-/swc-darwin-x64-14.2.21.tgz#5ab4b3f6685b6b52f810d0f5cf6e471480ddffdb"
  integrity sha512-TSAA2ROgNzm4FhKbTbyJOBrsREOMVdDIltZ6aZiKvCi/v0UwFmwigBGeqXDA97TFMpR3LNNpw52CbVelkoQBxA==

"@next/swc-linux-arm64-gnu@14.2.21":
  version "14.2.21"
  resolved "https://registry.yarnpkg.com/@next/swc-linux-arm64-gnu/-/swc-linux-arm64-gnu-14.2.21.tgz#8a0e1fa887aef19ca218af2af515d0a5ee67ba3f"
  integrity sha512-0Dqjn0pEUz3JG+AImpnMMW/m8hRtl1GQCNbO66V1yp6RswSTiKmnHf3pTX6xMdJYSemf3O4Q9ykiL0jymu0TuA==

"@next/swc-linux-arm64-musl@14.2.21":
  version "14.2.21"
  resolved "https://registry.yarnpkg.com/@next/swc-linux-arm64-musl/-/swc-linux-arm64-musl-14.2.21.tgz#ddad844406b42fa8965fe11250abc85c1fe0fd05"
  integrity sha512-Ggfw5qnMXldscVntwnjfaQs5GbBbjioV4B4loP+bjqNEb42fzZlAaK+ldL0jm2CTJga9LynBMhekNfV8W4+HBw==

"@next/swc-linux-x64-gnu@14.2.21":
  version "14.2.21"
  resolved "https://registry.yarnpkg.com/@next/swc-linux-x64-gnu/-/swc-linux-x64-gnu-14.2.21.tgz#db55fd666f9ba27718f65caa54b622a912cdd16b"
  integrity sha512-uokj0lubN1WoSa5KKdThVPRffGyiWlm/vCc/cMkWOQHw69Qt0X1o3b2PyLLx8ANqlefILZh1EdfLRz9gVpG6tg==

"@next/swc-linux-x64-musl@14.2.21":
  version "14.2.21"
  resolved "https://registry.yarnpkg.com/@next/swc-linux-x64-musl/-/swc-linux-x64-musl-14.2.21.tgz#dddb850353624efcd58c4c4e30ad8a1aab379642"
  integrity sha512-iAEBPzWNbciah4+0yI4s7Pce6BIoxTQ0AGCkxn/UBuzJFkYyJt71MadYQkjPqCQCJAFQ26sYh7MOKdU+VQFgPg==

"@next/swc-win32-arm64-msvc@14.2.21":
  version "14.2.21"
  resolved "https://registry.yarnpkg.com/@next/swc-win32-arm64-msvc/-/swc-win32-arm64-msvc-14.2.21.tgz#290012ee57b196d3d2d04853e6bf0179cae9fbaf"
  integrity sha512-plykgB3vL2hB4Z32W3ktsfqyuyGAPxqwiyrAi2Mr8LlEUhNn9VgkiAl5hODSBpzIfWweX3er1f5uNpGDygfQVQ==

"@next/swc-win32-ia32-msvc@14.2.21":
  version "14.2.21"
  resolved "https://registry.yarnpkg.com/@next/swc-win32-ia32-msvc/-/swc-win32-ia32-msvc-14.2.21.tgz#c959135a78cab18cca588d11d1e33bcf199590d4"
  integrity sha512-w5bacz4Vxqrh06BjWgua3Yf7EMDb8iMcVhNrNx8KnJXt8t+Uu0Zg4JHLDL/T7DkTCEEfKXO/Er1fcfWxn2xfPA==

"@next/swc-win32-x64-msvc@14.2.21":
  version "14.2.21"
  resolved "https://registry.yarnpkg.com/@next/swc-win32-x64-msvc/-/swc-win32-x64-msvc-14.2.21.tgz#21ff892286555b90538a7d1b505ea21a005d6ead"
  integrity sha512-sT6+llIkzpsexGYZq8cjjthRyRGe5cJVhqh12FmlbxHqna6zsDDK8UNaV7g41T6atFHCJUPeLb3uyAwrBwy0NA==

"@remix-run/react@^2.0.0":
  version "2.15.1"
  resolved "https://registry.yarnpkg.com/@remix-run/react/-/react-2.15.1.tgz#60d95d0849e987b4bab9c9c61a2f95048c993fcc"
  integrity sha512-h0BVUeg87vt3FKbYfoF7Ln56MM3O8rvGLDKYOuPY0OgNlJVaQKQzWVX+mnlmzysX4hF7WnOPMw1q38Ow7N9wKg==
  dependencies:
    "@remix-run/router" "1.21.0"
    "@remix-run/server-runtime" "2.15.1"
    react-router "6.28.0"
    react-router-dom "6.28.0"
    turbo-stream "2.4.0"

"@remix-run/router@1.21.0":
  version "1.21.0"
  resolved "https://registry.yarnpkg.com/@remix-run/router/-/router-1.21.0.tgz#c65ae4262bdcfe415dbd4f64ec87676e4a56e2b5"
  integrity sha512-xfSkCAchbdG5PnbrKqFWwia4Bi61nH+wm8wLEqfHDyp7Y3dZzgqS2itV8i4gAq9pC2HsTpwyBC6Ds8VHZ96JlA==

"@remix-run/server-runtime@2.15.1":
  version "2.15.1"
  resolved "https://registry.yarnpkg.com/@remix-run/server-runtime/-/server-runtime-2.15.1.tgz#1ebf96c351f3398d73856fae38dbd41fd45b2da2"
  integrity sha512-TDM3rzax//N2F5uNMV5pNTWAop8cYul6hteDu+Xmfwys/eRGlbzEf7YJzyRj6Kcsg2TFVHI7+xEPItGAVm1hHA==
  dependencies:
    "@remix-run/router" "1.21.0"
    "@types/cookie" "^0.6.0"
    "@web3-storage/multipart-parser" "^1.0.0"
    cookie "^0.6.0"
    set-cookie-parser "^2.4.8"
    source-map "^0.7.3"
    turbo-stream "2.4.0"

"@swc/counter@^0.1.3":
  version "0.1.3"
  resolved "https://registry.yarnpkg.com/@swc/counter/-/counter-0.1.3.tgz#cc7463bd02949611c6329596fccd2b0ec782b0e9"
  integrity sha512-e2BR4lsJkkRlKZ/qCHPw9ZaSxc0MVUd7gtbtaB7aMvHeJVYe8sOB8DBZkP2DtISHGSku9sCK6T6cnY0CtXrOCQ==

"@swc/helpers@0.5.5":
  version "0.5.5"
  resolved "https://registry.yarnpkg.com/@swc/helpers/-/helpers-0.5.5.tgz#12689df71bfc9b21c4f4ca00ae55f2f16c8b77c0"
  integrity sha512-KGYxvIOXcceOAbEk4bi/dVLEK9z8sZ0uBB3Il5b1rhfClSpcX0yfRO0KmTkqR2cnQDymwLB+25ZyMzICg/cm/A==
  dependencies:
    "@swc/counter" "^0.1.3"
    tslib "^2.4.0"

"@types/cookie@^0.6.0":
  version "0.6.0"
  resolved "https://registry.yarnpkg.com/@types/cookie/-/cookie-0.6.0.tgz#eac397f28bf1d6ae0ae081363eca2f425bedf0d5"
  integrity sha512-4Kh9a6B2bQciAhf7FSuMRRkUWecJgJu9nPnx3yzpsfXX/c50REIqpHY4C82bXP90qrLtXtkDxTZosYO3UpOwlA==

"@types/history@^4.7.11":
  version "4.7.11"
  resolved "https://registry.yarnpkg.com/@types/history/-/history-4.7.11.tgz#56588b17ae8f50c53983a524fc3cc47437969d64"
  integrity sha512-qjDJRrmvBMiTx+jyLxvLfJU7UznFuokDv4f3WRuriHKERccVpFU+8XMQUAbDzoiJCsmexxRExQeMwwCdamSKDA==

"@types/prop-types@*":
  version "15.7.14"
  resolved "https://registry.yarnpkg.com/@types/prop-types/-/prop-types-15.7.14.tgz#1433419d73b2a7ebfc6918dcefd2ec0d5cd698f2"
  integrity sha512-gNMvNH49DJ7OJYv+KAKn0Xp45p8PLl6zo2YnvDIbTd4J6MER2BmWN49TG7n9LvkyihINxeKW8+3bfS2yDC9dzQ==

"@types/react-dom@^18.3.0":
  version "18.3.5"
  resolved "https://registry.yarnpkg.com/@types/react-dom/-/react-dom-18.3.5.tgz#45f9f87398c5dcea085b715c58ddcf1faf65f716"
  integrity sha512-P4t6saawp+b/dFrUr2cvkVsfvPguwsxtH6dNIYRllMsefqFzkZk5UIjzyDOv5g1dXIPdG4Sp1yCR4Z6RCUsG/Q==

"@types/react-router-dom@^5.3.3":
  version "5.3.3"
  resolved "https://registry.yarnpkg.com/@types/react-router-dom/-/react-router-dom-5.3.3.tgz#e9d6b4a66fcdbd651a5f106c2656a30088cc1e83"
  integrity sha512-kpqnYK4wcdm5UaWI3fLcELopqLrHgLqNsdpHauzlQktfkHL3npOSwtj1Uz9oKBAzs7lFtVkV8j83voAz2D8fhw==
  dependencies:
    "@types/history" "^4.7.11"
    "@types/react" "*"
    "@types/react-router" "*"

"@types/react-router@*":
  version "5.1.20"
  resolved "https://registry.yarnpkg.com/@types/react-router/-/react-router-5.1.20.tgz#88eccaa122a82405ef3efbcaaa5dcdd9f021387c"
  integrity sha512-jGjmu/ZqS7FjSH6owMcD5qpq19+1RS9DeVRqfl1FeBMxTDQAGwlMWOcs52NDoXaNKyG3d1cYQFMs9rCrb88o9Q==
  dependencies:
    "@types/history" "^4.7.11"
    "@types/react" "*"

"@types/react@*":
  version "19.0.2"
  resolved "https://registry.yarnpkg.com/@types/react/-/react-19.0.2.tgz#9363e6b3ef898c471cb182dd269decc4afc1b4f6"
  integrity sha512-USU8ZI/xyKJwFTpjSVIrSeHBVAGagkHQKPNbxeWwql/vDmnTIBgx+TJnhFnj1NXgz8XfprU0egV2dROLGpsBEg==
  dependencies:
    csstype "^3.0.2"

"@types/react@^18.3.5":
  version "18.3.17"
  resolved "https://registry.yarnpkg.com/@types/react/-/react-18.3.17.tgz#d86ca0e081c7a5e979b7db175f9515a41038cea7"
  integrity sha512-opAQ5no6LqJNo9TqnxBKsgnkIYHozW9KSTlFVoSUJYh1Fl/sswkEoqIugRSm7tbh6pABtYjGAjW+GOS23j8qbw==
  dependencies:
    "@types/prop-types" "*"
    csstype "^3.0.2"

"@web3-storage/multipart-parser@^1.0.0":
  version "1.0.0"
  resolved "https://registry.yarnpkg.com/@web3-storage/multipart-parser/-/multipart-parser-1.0.0.tgz#6b69dc2a32a5b207ba43e556c25cc136a56659c4"
  integrity sha512-BEO6al7BYqcnfX15W2cnGR+Q566ACXAT9UQykORCWW80lmkpWsnEob6zJS1ZVBKsSJC8+7vJkHwlp+lXG1UCdw==

busboy@1.6.0:
  version "1.6.0"
  resolved "https://registry.yarnpkg.com/busboy/-/busboy-1.6.0.tgz#966ea36a9502e43cdb9146962523b92f531f6893"
  integrity sha512-8SFQbg/0hQ9xy3UNTB0YEnsNBbWfhf7RtnzpL7TkBiTBRfrQ9Fxcnz7VJsleJpyp6rVLvXiuORqjlHi5q+PYuA==
  dependencies:
    streamsearch "^1.1.0"

caniuse-lite@^1.0.30001579:
  version "1.0.30001690"
  resolved "https://registry.yarnpkg.com/caniuse-lite/-/caniuse-lite-1.0.30001690.tgz#f2d15e3aaf8e18f76b2b8c1481abde063b8104c8"
  integrity sha512-5ExiE3qQN6oF8Clf8ifIDcMRCRE/dMGcETG/XGMD8/XiXm6HXQgQTh1yZYLXXpSOsEUlJm1Xr7kGULZTuGtP/w==

client-only@0.0.1:
  version "0.0.1"
  resolved "https://registry.yarnpkg.com/client-only/-/client-only-0.0.1.tgz#38bba5d403c41ab150bff64a95c85013cf73bca1"
  integrity sha512-IV3Ou0jSMzZrd3pZ48nLkT9DA7Ag1pnPzaiQhpW7c3RbcqqzvzzVu+L8gfqMp/8IM2MQtSiqaCxrrcfu8I8rMA==

cookie@^0.6.0:
  version "0.6.0"
  resolved "https://registry.yarnpkg.com/cookie/-/cookie-0.6.0.tgz#2798b04b071b0ecbff0dbb62a505a8efa4e19051"
  integrity sha512-U71cyTamuh1CRNCfpGY6to28lxvNwPG4Guz/EVjgf3Jmzv0vlDp1atT9eS5dDjMYHucpHbWns6Lwf3BKz6svdw==

csstype@^3.0.2:
  version "3.1.3"
  resolved "https://registry.yarnpkg.com/csstype/-/csstype-3.1.3.tgz#d80ff294d114fb0e6ac500fbf85b60137d7eff81"
  integrity sha512-M1uQkMl8rQK/szD0LNhtqxIPLpimGm8sOBwU7lLnCpSbTyY3yeU1Vc7l4KT5zT4s/yOxHH5O7tIuuLOCnLADRw==

framer-motion@^11.0.0:
  version "11.15.0"
  resolved "https://registry.yarnpkg.com/framer-motion/-/framer-motion-11.15.0.tgz#93e5d1839d500ba9cab1d617959a36142a61212b"
  integrity sha512-MLk8IvZntxOMg7lDBLw2qgTHHv664bYoYmnFTmE0Gm/FW67aOJk0WM3ctMcG+Xhcv+vh5uyyXwxvxhSeJzSe+w==
  dependencies:
    motion-dom "^11.14.3"
    motion-utils "^11.14.3"
    tslib "^2.4.0"

graceful-fs@^4.2.11:
  version "4.2.11"
  resolved "https://registry.yarnpkg.com/graceful-fs/-/graceful-fs-4.2.11.tgz#4183e4e8bf08bb6e05bbb2f7d2e0c8f712ca40e3"
  integrity sha512-RbJ5/jmFcNNCcDV5o9eTnBLJ/HszWV0P73bc+Ff4nS/rJj+YaS6IGyiOL0VoBYX+l1Wrl3k63h/KrH+nhJ0XvQ==

motion-dom@^11.14.3:
  version "11.14.3"
  resolved "https://registry.yarnpkg.com/motion-dom/-/motion-dom-11.14.3.tgz#725c72c0f1d0b632e42fdd8d13b69ecf9fe202c0"
  integrity sha512-lW+D2wBy5vxLJi6aCP0xyxTxlTfiu+b+zcpVbGVFUxotwThqhdpPRSmX8xztAgtZMPMeU0WGVn/k1w4I+TbPqA==

motion-utils@^11.14.3:
  version "11.14.3"
  resolved "https://registry.yarnpkg.com/motion-utils/-/motion-utils-11.14.3.tgz#cd4a413463739498411f82abb67b3dd58768b0f8"
  integrity sha512-Xg+8xnqIJTpr0L/cidfTTBFkvRw26ZtGGuIhA94J9PQ2p4mEa06Xx7QVYZH0BP+EpMSaDlu+q0I0mmvwADPsaQ==

nanoid@^3.3.6:
  version "3.3.8"
  resolved "https://registry.yarnpkg.com/nanoid/-/nanoid-3.3.8.tgz#b1be3030bee36aaff18bacb375e5cce521684baf"
  integrity sha512-WNLf5Sd8oZxOm+TzppcYk8gVOgP+l58xNy58D0nbUnOxOWRWvlcCV4kUF7ltmI6PsrLl/BgKEyS4mqsGChFN0w==

next@^14.0.0:
  version "14.2.21"
  resolved "https://registry.yarnpkg.com/next/-/next-14.2.21.tgz#f6da9e2abba1a0e4ca7a5273825daf06632554ba"
  integrity sha512-rZmLwucLHr3/zfDMYbJXbw0ZeoBpirxkXuvsJbk7UPorvPYZhP7vq7aHbKnU7dQNCYIimRrbB2pp3xmf+wsYUg==
  dependencies:
    "@next/env" "14.2.21"
    "@swc/helpers" "0.5.5"
    busboy "1.6.0"
    caniuse-lite "^1.0.30001579"
    graceful-fs "^4.2.11"
    postcss "8.4.31"
    styled-jsx "5.1.1"
  optionalDependencies:
    "@next/swc-darwin-arm64" "14.2.21"
    "@next/swc-darwin-x64" "14.2.21"
    "@next/swc-linux-arm64-gnu" "14.2.21"
    "@next/swc-linux-arm64-musl" "14.2.21"
    "@next/swc-linux-x64-gnu" "14.2.21"
    "@next/swc-linux-x64-musl" "14.2.21"
    "@next/swc-win32-arm64-msvc" "14.2.21"
    "@next/swc-win32-ia32-msvc" "14.2.21"
    "@next/swc-win32-x64-msvc" "14.2.21"

picocolors@^1.0.0:
  version "1.1.1"
  resolved "https://registry.yarnpkg.com/picocolors/-/picocolors-1.1.1.tgz#3d321af3eab939b083c8f929a1d12cda81c26b6b"
  integrity sha512-xceH2snhtb5M9liqDsmEw56le376mTZkEX/jEb/RxNFyegNul7eNslCXP9FDj/Lcu0X8KEyMceP2ntpaHrDEVA==

postcss@8.4.31:
  version "8.4.31"
  resolved "https://registry.yarnpkg.com/postcss/-/postcss-8.4.31.tgz#92b451050a9f914da6755af352bdc0192508656d"
  integrity sha512-PS08Iboia9mts/2ygV3eLpY5ghnUcfLV/EXTOW1E2qYxJKGGBUtNjN76FYHnMs36RmARn41bC0AZmn+rR0OVpQ==
  dependencies:
    nanoid "^3.3.6"
    picocolors "^1.0.0"
    source-map-js "^1.0.2"

react-router-dom@6.28.0:
  version "6.28.0"
  resolved "https://registry.yarnpkg.com/react-router-dom/-/react-router-dom-6.28.0.tgz#f73ebb3490e59ac9f299377062ad1d10a9f579e6"
  integrity sha512-kQ7Unsl5YdyOltsPGl31zOjLrDv+m2VcIEcIHqYYD3Lp0UppLjrzcfJqDJwXxFw3TH/yvapbnUvPlAj7Kx5nbg==
  dependencies:
    "@remix-run/router" "1.21.0"
    react-router "6.28.0"

react-router@6.28.0:
  version "6.28.0"
  resolved "https://registry.yarnpkg.com/react-router/-/react-router-6.28.0.tgz#29247c86d7ba901d7e5a13aa79a96723c3e59d0d"
  integrity sha512-HrYdIFqdrnhDw0PqG/AKjAqEqM7AvxCz0DQ4h2W8k6nqmc5uRBYDag0SBxx9iYz5G8gnuNVLzUe13wl9eAsXXg==
  dependencies:
    "@remix-run/router" "1.21.0"

set-cookie-parser@^2.4.8:
  version "2.7.1"
  resolved "https://registry.yarnpkg.com/set-cookie-parser/-/set-cookie-parser-2.7.1.tgz#3016f150072202dfbe90fadee053573cc89d2943"
  integrity sha512-IOc8uWeOZgnb3ptbCURJWNjWUPcO3ZnTTdzsurqERrP6nPyv+paC55vJM0LpOlT2ne+Ix+9+CRG1MNLlyZ4GjQ==

source-map-js@^1.0.2:
  version "1.2.1"
  resolved "https://registry.yarnpkg.com/source-map-js/-/source-map-js-1.2.1.tgz#1ce5650fddd87abc099eda37dcff024c2667ae46"
  integrity sha512-UXWMKhLOwVKb728IUtQPXxfYU+usdybtUrK/8uGE8CQMvrhOpwvzDBwj0QhSL7MQc7vIsISBG8VQ8+IDQxpfQA==

source-map@^0.7.3:
  version "0.7.4"
  resolved "https://registry.yarnpkg.com/source-map/-/source-map-0.7.4.tgz#a9bbe705c9d8846f4e08ff6765acf0f1b0898656"
  integrity sha512-l3BikUxvPOcn5E74dZiq5BGsTb5yEwhaTSzccU6t4sDOH8NWJCstKO5QT2CvtFoK6F0saL7p9xHAqHOlCPJygA==

streamsearch@^1.1.0:
  version "1.1.0"
  resolved "https://registry.yarnpkg.com/streamsearch/-/streamsearch-1.1.0.tgz#404dd1e2247ca94af554e841a8ef0eaa238da764"
  integrity sha512-Mcc5wHehp9aXz1ax6bZUyY5afg9u2rv5cqQI3mRrYkGC8rW2hM02jWuwjtL++LS5qinSyhj2QfLyNsuc+VsExg==

styled-jsx@5.1.1:
  version "5.1.1"
  resolved "https://registry.yarnpkg.com/styled-jsx/-/styled-jsx-5.1.1.tgz#839a1c3aaacc4e735fed0781b8619ea5d0009d1f"
  integrity sha512-pW7uC1l4mBZ8ugbiZrcIsiIvVx1UmTfw7UkC3Um2tmfUq9Bhk8IiyEIPl6F8agHgjzku6j0xQEZbfA5uSgSaCw==
  dependencies:
    client-only "0.0.1"

tslib@^2.4.0:
  version "2.8.1"
  resolved "https://registry.yarnpkg.com/tslib/-/tslib-2.8.1.tgz#612efe4ed235d567e8aba5f2a5fab70280ade83f"
  integrity sha512-oJFu94HQb+KVduSUQL7wnpmqnfmLsOA/nAh6b6EH0wCEoK0/mPeXU6c3wKDV83MkOuHPRHtSXKKU99IBazS/2w==

turbo-stream@2.4.0:
  version "2.4.0"
  resolved "https://registry.yarnpkg.com/turbo-stream/-/turbo-stream-2.4.0.tgz#1e4fca6725e90fa14ac4adb782f2d3759a5695f0"
  integrity sha512-FHncC10WpBd2eOmGwpmQsWLDoK4cqsA/UT/GqNoaKOQnT8uzhtCbg3EoUDMvqpOSAI0S26mr0rkjzbOO6S3v1g==

typescript@^5.6.2:
  version "5.7.2"
  resolved "https://registry.yarnpkg.com/typescript/-/typescript-5.7.2.tgz#3169cf8c4c8a828cde53ba9ecb3d2b1d5dd67be6"
  integrity sha512-i5t66RHxDvVN40HfDd1PsEThGNnlMCMT3jMUuoh9/0TaqWevNontacunWyN02LA9/fIbEWlcHZcgTKb9QoaLfg==
